
Microsoft Visual Studio Solution File, Format Version 12.00
# Visual Studio Version 17
VisualStudioVersion = 17.9.34728.123
MinimumVisualStudioVersion = 10.0.40219.1
Project("{FAE04EC0-301F-11D3-BF4B-00C04F79EFBC}") = "XUnitTests", "XUnitTests\XUnitTests.csproj", "{9E7D545F-F49B-4490-B143-46FDAB22DA0C}"
EndProject
Global
	GlobalSection(SolutionConfigurationPlatforms) = preSolution
		Debug|Any CPU = Debug|Any CPU
		Release|Any CPU = Release|Any CPU
	EndGlobalSection
	GlobalSection(ProjectConfigurationPlatforms) = postSolution
		{9E7D545F-F49B-4490-B143-46FDAB22DA0C}.Debug|Any CPU.ActiveCfg = Debug|Any CPU
		{9E7D545F-F49B-4490-B143-46FDAB22DA0C}.Debug|Any CPU.Build.0 = Debug|Any CPU
		{9E7D545F-F49B-4490-B143-46FDAB22DA0C}.Release|Any CPU.ActiveCfg = Release|Any CPU
		{9E7D545F-F49B-4490-B143-46FDAB22DA0C}.Release|Any CPU.Build.0 = Release|Any CPU
	EndGlobalSection
	GlobalSection(SolutionProperties) = preSolution
		HideSolutionNode = FALSE
	EndGlobalSection
	GlobalSection(ExtensibilityGlobals) = postSolution
		SolutionGuid = {2F531EA7-BEEA-49B7-A90D-5067A3D8CADD}
	EndGlobalSection
EndGlobal
