
Microsoft Visual Studio Solution File, Format Version 12.00
# Visual Studio Version 17
VisualStudioVersion = 17.9.34728.123
MinimumVisualStudioVersion = 10.0.40219.1
Project("{FAE04EC0-301F-11D3-BF4B-00C04F79EFBC}") = "NUnitTests", "NUnitTests\NUnitTests.csproj", "{F5BB733B-0027-4E9F-A8D3-3E11919F2B70}"
EndProject
Global
	GlobalSection(SolutionConfigurationPlatforms) = preSolution
		Debug|Any CPU = Debug|Any CPU
		Release|Any CPU = Release|Any CPU
	EndGlobalSection
	GlobalSection(ProjectConfigurationPlatforms) = postSolution
		{F5BB733B-0027-4E9F-A8D3-3E11919F2B70}.Debug|Any CPU.ActiveCfg = Debug|Any CPU
		{F5BB733B-0027-4E9F-A8D3-3E11919F2B70}.Debug|Any CPU.Build.0 = Debug|Any CPU
		{F5BB733B-0027-4E9F-A8D3-3E11919F2B70}.Release|Any CPU.ActiveCfg = Release|Any CPU
		{F5BB733B-0027-4E9F-A8D3-3E11919F2B70}.Release|Any CPU.Build.0 = Release|Any CPU
	EndGlobalSection
	GlobalSection(SolutionProperties) = preSolution
		HideSolutionNode = FALSE
	EndGlobalSection
	GlobalSection(ExtensibilityGlobals) = postSolution
		SolutionGuid = {659D4273-9101-4A29-8E8E-BA1BBF8F95FC}
	EndGlobalSection
EndGlobal
